
Microsoft Visual Studio Solution File, Format Version 12.00
# Visual Studio Version 17
VisualStudioVersion = 17.12.35514.174
MinimumVisualStudioVersion = 10.0.40219.1
Project("{FAE04EC0-301F-11D3-BF4B-00C04F79EFBC}") = "SRTPluginProviderAlice", "SRTPluginProviderAlice.csproj", "{4A6F5567-1262-4C29-92B7-BF9467AF3767}"
EndProject
Project("{FAE04EC0-301F-11D3-BF4B-00C04F79EFBC}") = "SRTPluginBase", "..\SRTHost\SRTPluginBase\SRTPluginBase.csproj", "{0DB8241D-1753-695D-B025-E5512E5E7D22}"
EndProject
Global
	GlobalSection(SolutionConfigurationPlatforms) = preSolution
		Debug|x86 = Debug|x86
		Release|x86 = Release|x86
	EndGlobalSection
	GlobalSection(ProjectConfigurationPlatforms) = postSolution
		{4A6F5567-1262-4C29-92B7-BF9467AF3767}.Debug|x86.ActiveCfg = Debug|x86
		{4A6F5567-1262-4C29-92B7-BF9467AF3767}.Debug|x86.Build.0 = Debug|x86
		{4A6F5567-1262-4C29-92B7-BF9467AF3767}.Release|x86.ActiveCfg = Release|x86
		{4A6F5567-1262-4C29-92B7-BF9467AF3767}.Release|x86.Build.0 = Release|x86
		{0DB8241D-1753-695D-B025-E5512E5E7D22}.Debug|x86.ActiveCfg = Debug|Any CPU
		{0DB8241D-1753-695D-B025-E5512E5E7D22}.Debug|x86.Build.0 = Debug|Any CPU
		{0DB8241D-1753-695D-B025-E5512E5E7D22}.Release|x86.ActiveCfg = Release|Any CPU
		{0DB8241D-1753-695D-B025-E5512E5E7D22}.Release|x86.Build.0 = Release|Any CPU
	EndGlobalSection
	GlobalSection(SolutionProperties) = preSolution
		HideSolutionNode = FALSE
	EndGlobalSection
	GlobalSection(ExtensibilityGlobals) = postSolution
		SolutionGuid = {6FF18491-9B3E-4028-A3A5-0CBEB53A9E83}
	EndGlobalSection
EndGlobal
